
Microsoft Visual Studio Solution File, Format Version 12.00
# Visual Studio Version 17
VisualStudioVersion = 17.5.33530.505
MinimumVisualStudioVersion = 10.0.40219.1
Project("{FAE04EC0-301F-11D3-BF4B-00C04F79EFBC}") = "RazorSklep", "RazorSklep.csproj", "{2F8964CA-7186-44AA-B289-11C2785BF4FB}"
EndProject
Global
	GlobalSection(SolutionConfigurationPlatforms) = preSolution
		Debug|Any CPU = Debug|Any CPU
		Release|Any CPU = Release|Any CPU
	EndGlobalSection
	GlobalSection(ProjectConfigurationPlatforms) = postSolution
		{2F8964CA-7186-44AA-B289-11C2785BF4FB}.Debug|Any CPU.ActiveCfg = Debug|Any CPU
		{2F8964CA-7186-44AA-B289-11C2785BF4FB}.Debug|Any CPU.Build.0 = Debug|Any CPU
		{2F8964CA-7186-44AA-B289-11C2785BF4FB}.Release|Any CPU.ActiveCfg = Release|Any CPU
		{2F8964CA-7186-44AA-B289-11C2785BF4FB}.Release|Any CPU.Build.0 = Release|Any CPU
	EndGlobalSection
	GlobalSection(SolutionProperties) = preSolution
		HideSolutionNode = FALSE
	EndGlobalSection
	GlobalSection(ExtensibilityGlobals) = postSolution
		SolutionGuid = {AC5CA823-C1A9-44B3-896F-D78D9EE907E5}
	EndGlobalSection
EndGlobal
